
Microsoft Visual Studio Solution File, Format Version 12.00
# Visual Studio Version 17
VisualStudioVersion = 17.2.32616.157
MinimumVisualStudioVersion = 10.0.40219.1
Project("{FAE04EC0-301F-11D3-BF4B-00C04F79EFBC}") = "OnClickTeste.Infra", "OnClickTeste.Infra\OnClickTeste.Infra.csproj", "{62270525-DD63-45F2-A71E-FE98F7EF6E62}"
EndProject
Project("{FAE04EC0-301F-11D3-BF4B-00C04F79EFBC}") = "OnClickTeste.Domain", "OnClickTeste.Domain\OnClickTeste.Domain.csproj", "{AE5DA0D7-FA28-4690-9033-9EED37F08534}"
EndProject
Project("{FAE04EC0-301F-11D3-BF4B-00C04F79EFBC}") = "OnClickTeste.Application", "OnClickTeste.Application\OnClickTeste.Application.csproj", "{7AA45415-0611-4E97-8C02-5EA54E0268CF}"
EndProject
Project("{2150E333-8FDC-42A3-9474-1A3956D46DE8}") = "1.UI", "1.UI", "{55CE22BB-5B82-4999-8825-2823299578CC}"
EndProject
Project("{2150E333-8FDC-42A3-9474-1A3956D46DE8}") = "2.Application", "2.Application", "{459EBC26-CFC6-46EA-8CE6-A248F701F38F}"
EndProject
Project("{2150E333-8FDC-42A3-9474-1A3956D46DE8}") = "3.Domain", "3.Domain", "{BAE7C947-B6DF-4382-A78B-D321D8BB21BE}"
EndProject
Project("{2150E333-8FDC-42A3-9474-1A3956D46DE8}") = "4.Infra", "4.Infra", "{C3A5367F-80FC-471A-B3EE-7084B3E5F1A5}"
EndProject
Project("{2150E333-8FDC-42A3-9474-1A3956D46DE8}") = "src", "src", "{D4F1594B-6B2B-40FE-BCAE-0235B8273498}"
EndProject
Project("{FAE04EC0-301F-11D3-BF4B-00C04F79EFBC}") = "OnClickTeste.Api", "OnClickTeste.Api\OnClickTeste.Api.csproj", "{40F393D6-D982-4431-9DCB-F5A65AD48454}"
EndProject
Project("{FAE04EC0-301F-11D3-BF4B-00C04F79EFBC}") = "OnClickTeste.Mvc", "OnClickTeste.Mvc\OnClickTeste.Mvc.csproj", "{77E19D75-00C9-4BAB-B4E0-B4ED9402CAA8}"
EndProject
Global
	GlobalSection(SolutionConfigurationPlatforms) = preSolution
		Debug|Any CPU = Debug|Any CPU
		Release|Any CPU = Release|Any CPU
	EndGlobalSection
	GlobalSection(ProjectConfigurationPlatforms) = postSolution
		{62270525-DD63-45F2-A71E-FE98F7EF6E62}.Debug|Any CPU.ActiveCfg = Debug|Any CPU
		{62270525-DD63-45F2-A71E-FE98F7EF6E62}.Debug|Any CPU.Build.0 = Debug|Any CPU
		{62270525-DD63-45F2-A71E-FE98F7EF6E62}.Release|Any CPU.ActiveCfg = Release|Any CPU
		{62270525-DD63-45F2-A71E-FE98F7EF6E62}.Release|Any CPU.Build.0 = Release|Any CPU
		{AE5DA0D7-FA28-4690-9033-9EED37F08534}.Debug|Any CPU.ActiveCfg = Debug|Any CPU
		{AE5DA0D7-FA28-4690-9033-9EED37F08534}.Debug|Any CPU.Build.0 = Debug|Any CPU
		{AE5DA0D7-FA28-4690-9033-9EED37F08534}.Release|Any CPU.ActiveCfg = Release|Any CPU
		{AE5DA0D7-FA28-4690-9033-9EED37F08534}.Release|Any CPU.Build.0 = Release|Any CPU
		{7AA45415-0611-4E97-8C02-5EA54E0268CF}.Debug|Any CPU.ActiveCfg = Debug|Any CPU
		{7AA45415-0611-4E97-8C02-5EA54E0268CF}.Debug|Any CPU.Build.0 = Debug|Any CPU
		{7AA45415-0611-4E97-8C02-5EA54E0268CF}.Release|Any CPU.ActiveCfg = Release|Any CPU
		{7AA45415-0611-4E97-8C02-5EA54E0268CF}.Release|Any CPU.Build.0 = Release|Any CPU
		{40F393D6-D982-4431-9DCB-F5A65AD48454}.Debug|Any CPU.ActiveCfg = Debug|Any CPU
		{40F393D6-D982-4431-9DCB-F5A65AD48454}.Debug|Any CPU.Build.0 = Debug|Any CPU
		{40F393D6-D982-4431-9DCB-F5A65AD48454}.Release|Any CPU.ActiveCfg = Release|Any CPU
		{40F393D6-D982-4431-9DCB-F5A65AD48454}.Release|Any CPU.Build.0 = Release|Any CPU
		{77E19D75-00C9-4BAB-B4E0-B4ED9402CAA8}.Debug|Any CPU.ActiveCfg = Debug|Any CPU
		{77E19D75-00C9-4BAB-B4E0-B4ED9402CAA8}.Debug|Any CPU.Build.0 = Debug|Any CPU
		{77E19D75-00C9-4BAB-B4E0-B4ED9402CAA8}.Release|Any CPU.ActiveCfg = Release|Any CPU
		{77E19D75-00C9-4BAB-B4E0-B4ED9402CAA8}.Release|Any CPU.Build.0 = Release|Any CPU
	EndGlobalSection
	GlobalSection(SolutionProperties) = preSolution
		HideSolutionNode = FALSE
	EndGlobalSection
	GlobalSection(NestedProjects) = preSolution
		{62270525-DD63-45F2-A71E-FE98F7EF6E62} = {C3A5367F-80FC-471A-B3EE-7084B3E5F1A5}
		{AE5DA0D7-FA28-4690-9033-9EED37F08534} = {BAE7C947-B6DF-4382-A78B-D321D8BB21BE}
		{7AA45415-0611-4E97-8C02-5EA54E0268CF} = {459EBC26-CFC6-46EA-8CE6-A248F701F38F}
		{55CE22BB-5B82-4999-8825-2823299578CC} = {D4F1594B-6B2B-40FE-BCAE-0235B8273498}
		{459EBC26-CFC6-46EA-8CE6-A248F701F38F} = {D4F1594B-6B2B-40FE-BCAE-0235B8273498}
		{BAE7C947-B6DF-4382-A78B-D321D8BB21BE} = {D4F1594B-6B2B-40FE-BCAE-0235B8273498}
		{C3A5367F-80FC-471A-B3EE-7084B3E5F1A5} = {D4F1594B-6B2B-40FE-BCAE-0235B8273498}
		{40F393D6-D982-4431-9DCB-F5A65AD48454} = {55CE22BB-5B82-4999-8825-2823299578CC}
		{77E19D75-00C9-4BAB-B4E0-B4ED9402CAA8} = {55CE22BB-5B82-4999-8825-2823299578CC}
	EndGlobalSection
	GlobalSection(ExtensibilityGlobals) = postSolution
		SolutionGuid = {3512C404-DDB5-48A9-BE5E-5F101D5C2EDC}
	EndGlobalSection
EndGlobal
